
Microsoft Visual Studio Solution File, Format Version 12.00
# Visual Studio Version 17
VisualStudioVersion = 17.6.33801.468
MinimumVisualStudioVersion = 10.0.40219.1
Project("{9A19103F-16F7-4668-BE54-9A1E7A4F7556}") = "test-v1", "test-v1\test-v1.csproj", "{66DB5037-28D3-4D16-8AF2-E21C5D2DA9D4}"
EndProject
Global
	GlobalSection(SolutionConfigurationPlatforms) = preSolution
		Debug|Any CPU = Debug|Any CPU
		Release|Any CPU = Release|Any CPU
	EndGlobalSection
	GlobalSection(ProjectConfigurationPlatforms) = postSolution
		{66DB5037-28D3-4D16-8AF2-E21C5D2DA9D4}.Debug|Any CPU.ActiveCfg = Debug|Any CPU
		{66DB5037-28D3-4D16-8AF2-E21C5D2DA9D4}.Debug|Any CPU.Build.0 = Debug|Any CPU
		{66DB5037-28D3-4D16-8AF2-E21C5D2DA9D4}.Release|Any CPU.ActiveCfg = Release|Any CPU
		{66DB5037-28D3-4D16-8AF2-E21C5D2DA9D4}.Release|Any CPU.Build.0 = Release|Any CPU
	EndGlobalSection
	GlobalSection(SolutionProperties) = preSolution
		HideSolutionNode = FALSE
	EndGlobalSection
	GlobalSection(ExtensibilityGlobals) = postSolution
		SolutionGuid = {F7A4B85C-5369-41B2-8D29-CEEA29ACE0D9}
	EndGlobalSection
EndGlobal
